{
  "version": "v1",
  "packages": {
    "@dasch-swiss/dsp-js": {
      "signature": "4a6c2935af9bbec5efa40af21a6d6c1d",
      "file": true,
      "replaced": "1.0.0-rc.6"
    },
    "@dasch-swiss/dsp-ui": {
      "signature": "35b6b50e0703df9c8bb044eef3008b10",
      "file": true,
      "replaced": "1.0.0-rc.3"
    }
  }
}