{
  "version": "v1",
  "packages": {
    "@knora/action": {
      "signature": "e4ca71cb8e59e359930d8febfe0d657b",
      "file": true
    },
    "@knora/authentication": {
      "signature": "a427be137fb44a7fe7eb2843820bb83b",
      "file": true
    },
    "@knora/core": {
      "signature": "a9f12adbac8f26931d6c2de077557388",
      "file": true
    },
    "@knora/viewer": {
      "signature": "81383102e1508098ec2daf3c4763ca87",
      "file": true
    },
    "@knora/search": {
      "signature": "935542a202c871936d329186613c5d3c",
      "file": true
    }
  }
}