{
  "version": "v1",
  "packages": {
    "@dasch-swiss/dsp-js": {
      "signature": "0ba479943906851630d727e28de24909",
      "file": true,
      "replaced": "1.0.0-rc.6"
    },
    "@dasch-swiss/dsp-ui": {
      "signature": "a57557e73dd6f150055d4f9bae46bfcd",
      "file": true,
      "replaced": "1.0.0-rc.3"
    }
  }
}